
Microsoft Visual Studio Solution File, Format Version 12.00
# Blend for Visual Studio Version 16
VisualStudioVersion = 16.0.31424.327
MinimumVisualStudioVersion = 10.0.40219.1
Project("{FAE04EC0-301F-11D3-BF4B-00C04F79EFBC}") = "Dash3", "Dash3.csproj", "{71CB30FC-AE12-4E3B-B1D3-340CF6FB6715}"
EndProject
Global
	GlobalSection(SolutionConfigurationPlatforms) = preSolution
		Debug|Any CPU = Debug|Any CPU
		Release|Any CPU = Release|Any CPU
	EndGlobalSection
	GlobalSection(ProjectConfigurationPlatforms) = postSolution
		{71CB30FC-AE12-4E3B-B1D3-340CF6FB6715}.Debug|Any CPU.ActiveCfg = Debug|Any CPU
		{71CB30FC-AE12-4E3B-B1D3-340CF6FB6715}.Debug|Any CPU.Build.0 = Debug|Any CPU
		{71CB30FC-AE12-4E3B-B1D3-340CF6FB6715}.Release|Any CPU.ActiveCfg = Release|Any CPU
		{71CB30FC-AE12-4E3B-B1D3-340CF6FB6715}.Release|Any CPU.Build.0 = Release|Any CPU
	EndGlobalSection
	GlobalSection(SolutionProperties) = preSolution
		HideSolutionNode = FALSE
	EndGlobalSection
	GlobalSection(ExtensibilityGlobals) = postSolution
		SolutionGuid = {209DF7CD-FF1B-4DD7-8AA9-BCE2B6959EAD}
	EndGlobalSection
EndGlobal
